// !$*UTF8*$!
{
	archiveVersion = 1;
	classes = {
	};
	objectVersion = 56;
	objects = {

/* Begin PBXBuildFile section */
		611ADF9A2AE10DCE0096F848 /* TempApp1App.swift in Sources */ = {isa = PBXBuildFile; fileRef = 611ADF992AE10DCE0096F848 /* TempApp1App.swift */; };
		611ADF9C2AE10DCE0096F848 /* ContentView.swift in Sources */ = {isa = PBXBuildFile; fileRef = 611ADF9B2AE10DCE0096F848 /* ContentView.swift */; };
		611ADF9E2AE10DD10096F848 /* Assets.xcassets in Resources */ = {isa = PBXBuildFile; fileRef = 611ADF9D2AE10DD10096F848 /* Assets.xcassets */; };
		611ADFA12AE10DD10096F848 /* Preview Assets.xcassets in Resources */ = {isa = PBXBuildFile; fileRef = 611ADFA02AE10DD10096F848 /* Preview Assets.xcassets */; };
		611ADFAB2AE10DD20096F848 /* TempApp1Tests.swift in Sources */ = {isa = PBXBuildFile; fileRef = 611ADFAA2AE10DD20096F848 /* TempApp1Tests.swift */; };
		611ADFB52AE10DD20096F848 /* TempApp1UITests.swift in Sources */ = {isa = PBXBuildFile; fileRef = 611ADFB42AE10DD20096F848 /* TempApp1UITests.swift */; };
		611ADFB72AE10DD20096F848 /* TempApp1UITestsLaunchTests.swift in Sources */ = {isa = PBXBuildFile; fileRef = 611ADFB62AE10DD20096F848 /* TempApp1UITestsLaunchTests.swift */; };
		611ADFC42AE1115B0096F848 /* Profile.swift in Sources */ = {isa = PBXBuildFile; fileRef = 611ADFC32AE1115B0096F848 /* Profile.swift */; };
		611ADFC62AE1117E0096F848 /* NewProfileView.swift in Sources */ = {isa = PBXBuildFile; fileRef = 611ADFC52AE1117E0096F848 /* NewProfileView.swift */; };
		611ADFC82AE1124D0096F848 /* Homepage.swift in Sources */ = {isa = PBXBuildFile; fileRef = 611ADFC72AE1124D0096F848 /* Homepage.swift */; };
		611ADFCA2AE1126E0096F848 /* InfoBoard.swift in Sources */ = {isa = PBXBuildFile; fileRef = 611ADFC92AE1126E0096F848 /* InfoBoard.swift */; };
		611ADFCC2AE112930096F848 /* TimePicker.swift in Sources */ = {isa = PBXBuildFile; fileRef = 611ADFCB2AE112930096F848 /* TimePicker.swift */; };
		611ADFCE2AE112F40096F848 /* ProfileItem.swift in Sources */ = {isa = PBXBuildFile; fileRef = 611ADFCD2AE112F40096F848 /* ProfileItem.swift */; };
		611ADFD32AE113780096F848 /* ProfileStore.swift in Sources */ = {isa = PBXBuildFile; fileRef = 611ADFD12AE113400096F848 /* ProfileStore.swift */; };
		611ADFD42AE1137B0096F848 /* ContentViewModel.swift in Sources */ = {isa = PBXBuildFile; fileRef = 611ADFCF2AE1131F0096F848 /* ContentViewModel.swift */; };
		616783882AE5CEBB006F9A99 /* LocationSearchService.swift in Sources */ = {isa = PBXBuildFile; fileRef = 616783872AE5CEBB006F9A99 /* LocationSearchService.swift */; };
		6167838A2AE5CF01006F9A99 /* AddressPicker.swift in Sources */ = {isa = PBXBuildFile; fileRef = 616783892AE5CF01006F9A99 /* AddressPicker.swift */; };
		6167838C2AE5CF2F006F9A99 /* SearchBar.swift in Sources */ = {isa = PBXBuildFile; fileRef = 6167838B2AE5CF2F006F9A99 /* SearchBar.swift */; };
		6167838E2AE5CF7A006F9A99 /* SceneDelegate.swift in Sources */ = {isa = PBXBuildFile; fileRef = 6167838D2AE5CF7A006F9A99 /* SceneDelegate.swift */; };
/* End PBXBuildFile section */

/* Begin PBXContainerItemProxy section */
		611ADFA72AE10DD20096F848 /* PBXContainerItemProxy */ = {
			isa = PBXContainerItemProxy;
			containerPortal = 611ADF8E2AE10DCE0096F848 /* Project object */;
			proxyType = 1;
			remoteGlobalIDString = 611ADF952AE10DCE0096F848;
			remoteInfo = TempApp1;
		};
		611ADFB12AE10DD20096F848 /* PBXContainerItemProxy */ = {
			isa = PBXContainerItemProxy;
			containerPortal = 611ADF8E2AE10DCE0096F848 /* Project object */;
			proxyType = 1;
			remoteGlobalIDString = 611ADF952AE10DCE0096F848;
			remoteInfo = TempApp1;
		};
/* End PBXContainerItemProxy section */

/* Begin PBXFileReference section */
		611ADF962AE10DCE0096F848 /* TempApp1.app */ = {isa = PBXFileReference; explicitFileType = wrapper.application; includeInIndex = 0; path = TempApp1.app; sourceTree = BUILT_PRODUCTS_DIR; };
		611ADF992AE10DCE0096F848 /* TempApp1App.swift */ = {isa = PBXFileReference; lastKnownFileType = sourcecode.swift; path = TempApp1App.swift; sourceTree = "<group>"; };
		611ADF9B2AE10DCE0096F848 /* ContentView.swift */ = {isa = PBXFileReference; lastKnownFileType = sourcecode.swift; path = ContentView.swift; sourceTree = "<group>"; };
		611ADF9D2AE10DD10096F848 /* Assets.xcassets */ = {isa = PBXFileReference; lastKnownFileType = folder.assetcatalog; path = Assets.xcassets; sourceTree = "<group>"; };
		611ADFA02AE10DD10096F848 /* Preview Assets.xcassets */ = {isa = PBXFileReference; lastKnownFileType = folder.assetcatalog; path = "Preview Assets.xcassets"; sourceTree = "<group>"; };
		611ADFA62AE10DD20096F848 /* TempApp1Tests.xctest */ = {isa = PBXFileReference; explicitFileType = wrapper.cfbundle; includeInIndex = 0; path = TempApp1Tests.xctest; sourceTree = BUILT_PRODUCTS_DIR; };
		611ADFAA2AE10DD20096F848 /* TempApp1Tests.swift */ = {isa = PBXFileReference; lastKnownFileType = sourcecode.swift; path = TempApp1Tests.swift; sourceTree = "<group>"; };
		611ADFB02AE10DD20096F848 /* TempApp1UITests.xctest */ = {isa = PBXFileReference; explicitFileType = wrapper.cfbundle; includeInIndex = 0; path = TempApp1UITests.xctest; sourceTree = BUILT_PRODUCTS_DIR; };
		611ADFB42AE10DD20096F848 /* TempApp1UITests.swift */ = {isa = PBXFileReference; lastKnownFileType = sourcecode.swift; path = TempApp1UITests.swift; sourceTree = "<group>"; };
		611ADFB62AE10DD20096F848 /* TempApp1UITestsLaunchTests.swift */ = {isa = PBXFileReference; lastKnownFileType = sourcecode.swift; path = TempApp1UITestsLaunchTests.swift; sourceTree = "<group>"; };
		611ADFC32AE1115B0096F848 /* Profile.swift */ = {isa = PBXFileReference; lastKnownFileType = sourcecode.swift; path = Profile.swift; sourceTree = "<group>"; };
		611ADFC52AE1117E0096F848 /* NewProfileView.swift */ = {isa = PBXFileReference; lastKnownFileType = sourcecode.swift; path = NewProfileView.swift; sourceTree = "<group>"; };
		611ADFC72AE1124D0096F848 /* Homepage.swift */ = {isa = PBXFileReference; lastKnownFileType = sourcecode.swift; path = Homepage.swift; sourceTree = "<group>"; };
		611ADFC92AE1126E0096F848 /* InfoBoard.swift */ = {isa = PBXFileReference; lastKnownFileType = sourcecode.swift; path = InfoBoard.swift; sourceTree = "<group>"; };
		611ADFCB2AE112930096F848 /* TimePicker.swift */ = {isa = PBXFileReference; lastKnownFileType = sourcecode.swift; path = TimePicker.swift; sourceTree = "<group>"; };
		611ADFCD2AE112F40096F848 /* ProfileItem.swift */ = {isa = PBXFileReference; lastKnownFileType = sourcecode.swift; path = ProfileItem.swift; sourceTree = "<group>"; };
		611ADFCF2AE1131F0096F848 /* ContentViewModel.swift */ = {isa = PBXFileReference; lastKnownFileType = sourcecode.swift; path = ContentViewModel.swift; sourceTree = "<group>"; };
		611ADFD12AE113400096F848 /* ProfileStore.swift */ = {isa = PBXFileReference; lastKnownFileType = sourcecode.swift; path = ProfileStore.swift; sourceTree = "<group>"; };
		616783872AE5CEBB006F9A99 /* LocationSearchService.swift */ = {isa = PBXFileReference; lastKnownFileType = sourcecode.swift; path = LocationSearchService.swift; sourceTree = "<group>"; };
		616783892AE5CF01006F9A99 /* AddressPicker.swift */ = {isa = PBXFileReference; lastKnownFileType = sourcecode.swift; path = AddressPicker.swift; sourceTree = "<group>"; };
		6167838B2AE5CF2F006F9A99 /* SearchBar.swift */ = {isa = PBXFileReference; lastKnownFileType = sourcecode.swift; path = SearchBar.swift; sourceTree = "<group>"; };
		6167838D2AE5CF7A006F9A99 /* SceneDelegate.swift */ = {isa = PBXFileReference; lastKnownFileType = sourcecode.swift; path = SceneDelegate.swift; sourceTree = "<group>"; };
/* End PBXFileReference section */

/* Begin PBXFrameworksBuildPhase section */
		611ADF932AE10DCE0096F848 /* Frameworks */ = {
			isa = PBXFrameworksBuildPhase;
			buildActionMask = 2147483647;
			files = (
			);
			runOnlyForDeploymentPostprocessing = 0;
		};
		611ADFA32AE10DD20096F848 /* Frameworks */ = {
			isa = PBXFrameworksBuildPhase;
			buildActionMask = 2147483647;
			files = (
			);
			runOnlyForDeploymentPostprocessing = 0;
		};
		611ADFAD2AE10DD20096F848 /* Frameworks */ = {
			isa = PBXFrameworksBuildPhase;
			buildActionMask = 2147483647;
			files = (
			);
			runOnlyForDeploymentPostprocessing = 0;
		};
/* End PBXFrameworksBuildPhase section */

/* Begin PBXGroup section */
		611ADF8D2AE10DCE0096F848 = {
			isa = PBXGroup;
			children = (
				611ADF982AE10DCE0096F848 /* TempApp1 */,
				611ADFA92AE10DD20096F848 /* TempApp1Tests */,
				611ADFB32AE10DD20096F848 /* TempApp1UITests */,
				611ADF972AE10DCE0096F848 /* Products */,
			);
			sourceTree = "<group>";
		};
		611ADF972AE10DCE0096F848 /* Products */ = {
			isa = PBXGroup;
			children = (
				611ADF962AE10DCE0096F848 /* TempApp1.app */,
				611ADFA62AE10DD20096F848 /* TempApp1Tests.xctest */,
				611ADFB02AE10DD20096F848 /* TempApp1UITests.xctest */,
			);
			name = Products;
			sourceTree = "<group>";
		};
		611ADF982AE10DCE0096F848 /* TempApp1 */ = {
			isa = PBXGroup;
			children = (
				611ADF992AE10DCE0096F848 /* TempApp1App.swift */,
				611ADFC32AE1115B0096F848 /* Profile.swift */,
				611ADFC52AE1117E0096F848 /* NewProfileView.swift */,
				616783872AE5CEBB006F9A99 /* LocationSearchService.swift */,
				616783892AE5CF01006F9A99 /* AddressPicker.swift */,
				6167838B2AE5CF2F006F9A99 /* SearchBar.swift */,
				6167838D2AE5CF7A006F9A99 /* SceneDelegate.swift */,
				611ADFC72AE1124D0096F848 /* Homepage.swift */,
				611ADFC92AE1126E0096F848 /* InfoBoard.swift */,
				611ADFCB2AE112930096F848 /* TimePicker.swift */,
				611ADFCD2AE112F40096F848 /* ProfileItem.swift */,
				611ADF9B2AE10DCE0096F848 /* ContentView.swift */,
				611ADFCF2AE1131F0096F848 /* ContentViewModel.swift */,
				611ADFD12AE113400096F848 /* ProfileStore.swift */,
				611ADF9D2AE10DD10096F848 /* Assets.xcassets */,
				611ADF9F2AE10DD10096F848 /* Preview Content */,
			);
			path = TempApp1;
			sourceTree = "<group>";
		};
		611ADF9F2AE10DD10096F848 /* Preview Content */ = {
			isa = PBXGroup;
			children = (
				611ADFA02AE10DD10096F848 /* Preview Assets.xcassets */,
			);
			path = "Preview Content";
			sourceTree = "<group>";
		};
		611ADFA92AE10DD20096F848 /* TempApp1Tests */ = {
			isa = PBXGroup;
			children = (
				611ADFAA2AE10DD20096F848 /* TempApp1Tests.swift */,
			);
			path = TempApp1Tests;
			sourceTree = "<group>";
		};
		611ADFB32AE10DD20096F848 /* TempApp1UITests */ = {
			isa = PBXGroup;
			children = (
				611ADFB42AE10DD20096F848 /* TempApp1UITests.swift */,
				611ADFB62AE10DD20096F848 /* TempApp1UITestsLaunchTests.swift */,
			);
			path = TempApp1UITests;
			sourceTree = "<group>";
		};
/* End PBXGroup section */

/* Begin PBXNativeTarget section */
		611ADF952AE10DCE0096F848 /* TempApp1 */ = {
			isa = PBXNativeTarget;
			buildConfigurationList = 611ADFBA2AE10DD20096F848 /* Build configuration list for PBXNativeTarget "TempApp1" */;
			buildPhases = (
				611ADF922AE10DCE0096F848 /* Sources */,
				611ADF932AE10DCE0096F848 /* Frameworks */,
				611ADF942AE10DCE0096F848 /* Resources */,
			);
			buildRules = (
			);
			dependencies = (
			);
			name = TempApp1;
			productName = TempApp1;
			productReference = 611ADF962AE10DCE0096F848 /* TempApp1.app */;
			productType = "com.apple.product-type.application";
		};
		611ADFA52AE10DD20096F848 /* TempApp1Tests */ = {
			isa = PBXNativeTarget;
			buildConfigurationList = 611ADFBD2AE10DD20096F848 /* Build configuration list for PBXNativeTarget "TempApp1Tests" */;
			buildPhases = (
				611ADFA22AE10DD20096F848 /* Sources */,
				611ADFA32AE10DD20096F848 /* Frameworks */,
				611ADFA42AE10DD20096F848 /* Resources */,
			);
			buildRules = (
			);
			dependencies = (
				611ADFA82AE10DD20096F848 /* PBXTargetDependency */,
			);
			name = TempApp1Tests;
			productName = TempApp1Tests;
			productReference = 611ADFA62AE10DD20096F848 /* TempApp1Tests.xctest */;
			productType = "com.apple.product-type.bundle.unit-test";
		};
		611ADFAF2AE10DD20096F848 /* TempApp1UITests */ = {
			isa = PBXNativeTarget;
			buildConfigurationList = 611ADFC02AE10DD20096F848 /* Build configuration list for PBXNativeTarget "TempApp1UITests" */;
			buildPhases = (
				611ADFAC2AE10DD20096F848 /* Sources */,
				611ADFAD2AE10DD20096F848 /* Frameworks */,
				611ADFAE2AE10DD20096F848 /* Resources */,
			);
			buildRules = (
			);
			dependencies = (
				611ADFB22AE10DD20096F848 /* PBXTargetDependency */,
			);
			name = TempApp1UITests;
			productName = TempApp1UITests;
			productReference = 611ADFB02AE10DD20096F848 /* TempApp1UITests.xctest */;
			productType = "com.apple.product-type.bundle.ui-testing";
		};
/* End PBXNativeTarget section */

/* Begin PBXProject section */
		611ADF8E2AE10DCE0096F848 /* Project object */ = {
			isa = PBXProject;
			attributes = {
				BuildIndependentTargetsInParallel = 1;
				LastSwiftUpdateCheck = 1500;
				LastUpgradeCheck = 1500;
				TargetAttributes = {
					611ADF952AE10DCE0096F848 = {
						CreatedOnToolsVersion = 15.0;
					};
					611ADFA52AE10DD20096F848 = {
						CreatedOnToolsVersion = 15.0;
						TestTargetID = 611ADF952AE10DCE0096F848;
					};
					611ADFAF2AE10DD20096F848 = {
						CreatedOnToolsVersion = 15.0;
						TestTargetID = 611ADF952AE10DCE0096F848;
					};
				};
			};
			buildConfigurationList = 611ADF912AE10DCE0096F848 /* Build configuration list for PBXProject "TempApp1" */;
			compatibilityVersion = "Xcode 14.0";
			developmentRegion = en;
			hasScannedForEncodings = 0;
			knownRegions = (
				en,
				Base,
			);
			mainGroup = 611ADF8D2AE10DCE0096F848;
			productRefGroup = 611ADF972AE10DCE0096F848 /* Products */;
			projectDirPath = "";
			projectRoot = "";
			targets = (
				611ADF952AE10DCE0096F848 /* TempApp1 */,
				611ADFA52AE10DD20096F848 /* TempApp1Tests */,
				611ADFAF2AE10DD20096F848 /* TempApp1UITests */,
			);
		};
/* End PBXProject section */

/* Begin PBXResourcesBuildPhase section */
		611ADF942AE10DCE0096F848 /* Resources */ = {
			isa = PBXResourcesBuildPhase;
			buildActionMask = 2147483647;
			files = (
				611ADFA12AE10DD10096F848 /* Preview Assets.xcassets in Resources */,
				611ADF9E2AE10DD10096F848 /* Assets.xcassets in Resources */,
			);
			runOnlyForDeploymentPostprocessing = 0;
		};
		611ADFA42AE10DD20096F848 /* Resources */ = {
			isa = PBXResourcesBuildPhase;
			buildActionMask = 2147483647;
			files = (
			);
			runOnlyForDeploymentPostprocessing = 0;
		};
		611ADFAE2AE10DD20096F848 /* Resources */ = {
			isa = PBXResourcesBuildPhase;
			buildActionMask = 2147483647;
			files = (
			);
			runOnlyForDeploymentPostprocessing = 0;
		};
/* End PBXResourcesBuildPhase section */

/* Begin PBXSourcesBuildPhase section */
		611ADF922AE10DCE0096F848 /* Sources */ = {
			isa = PBXSourcesBuildPhase;
			buildActionMask = 2147483647;
			files = (
				6167838C2AE5CF2F006F9A99 /* SearchBar.swift in Sources */,
				6167838E2AE5CF7A006F9A99 /* SceneDelegate.swift in Sources */,
				611ADF9C2AE10DCE0096F848 /* ContentView.swift in Sources */,
				611ADFC62AE1117E0096F848 /* NewProfileView.swift in Sources */,
				611ADFCC2AE112930096F848 /* TimePicker.swift in Sources */,
				611ADFC42AE1115B0096F848 /* Profile.swift in Sources */,
				611ADFD42AE1137B0096F848 /* ContentViewModel.swift in Sources */,
				611ADFCE2AE112F40096F848 /* ProfileItem.swift in Sources */,
				616783882AE5CEBB006F9A99 /* LocationSearchService.swift in Sources */,
				611ADFD32AE113780096F848 /* ProfileStore.swift in Sources */,
				611ADFC82AE1124D0096F848 /* Homepage.swift in Sources */,
				611ADFCA2AE1126E0096F848 /* InfoBoard.swift in Sources */,
				6167838A2AE5CF01006F9A99 /* AddressPicker.swift in Sources */,
				611ADF9A2AE10DCE0096F848 /* TempApp1App.swift in Sources */,
			);
			runOnlyForDeploymentPostprocessing = 0;
		};
		611ADFA22AE10DD20096F848 /* Sources */ = {
			isa = PBXSourcesBuildPhase;
			buildActionMask = 2147483647;
			files = (
				611ADFAB2AE10DD20096F848 /* TempApp1Tests.swift in Sources */,
			);
			runOnlyForDeploymentPostprocessing = 0;
		};
		611ADFAC2AE10DD20096F848 /* Sources */ = {
			isa = PBXSourcesBuildPhase;
			buildActionMask = 2147483647;
			files = (
				611ADFB72AE10DD20096F848 /* TempApp1UITestsLaunchTests.swift in Sources */,
				611ADFB52AE10DD20096F848 /* TempApp1UITests.swift in Sources */,
			);
			runOnlyForDeploymentPostprocessing = 0;
		};
/* End PBXSourcesBuildPhase section */

/* Begin PBXTargetDependency section */
		611ADFA82AE10DD20096F848 /* PBXTargetDependency */ = {
			isa = PBXTargetDependency;
			target = 611ADF952AE10DCE0096F848 /* TempApp1 */;
			targetProxy = 611ADFA72AE10DD20096F848 /* PBXContainerItemProxy */;
		};
		611ADFB22AE10DD20096F848 /* PBXTargetDependency */ = {
			isa = PBXTargetDependency;
			target = 611ADF952AE10DCE0096F848 /* TempApp1 */;
			targetProxy = 611ADFB12AE10DD20096F848 /* PBXContainerItemProxy */;
		};
/* End PBXTargetDependency section */

/* Begin XCBuildConfiguration section */
		611ADFB82AE10DD20096F848 /* Debug */ = {
			isa = XCBuildConfiguration;
			buildSettings = {
				ALWAYS_SEARCH_USER_PATHS = NO;
				ASSETCATALOG_COMPILER_GENERATE_SWIFT_ASSET_SYMBOL_EXTENSIONS = YES;
				CLANG_ANALYZER_NONNULL = YES;
				CLANG_ANALYZER_NUMBER_OBJECT_CONVERSION = YES_AGGRESSIVE;
				CLANG_CXX_LANGUAGE_STANDARD = "gnu++20";
				CLANG_ENABLE_MODULES = YES;
				CLANG_ENABLE_OBJC_ARC = YES;
				CLANG_ENABLE_OBJC_WEAK = YES;
				CLANG_WARN_BLOCK_CAPTURE_AUTORELEASING = YES;
				CLANG_WARN_BOOL_CONVERSION = YES;
				CLANG_WARN_COMMA = YES;
				CLANG_WARN_CONSTANT_CONVERSION = YES;
				CLANG_WARN_DEPRECATED_OBJC_IMPLEMENTATIONS = YES;
				CLANG_WARN_DIRECT_OBJC_ISA_USAGE = YES_ERROR;
				CLANG_WARN_DOCUMENTATION_COMMENTS = YES;
				CLANG_WARN_EMPTY_BODY = YES;
				CLANG_WARN_ENUM_CONVERSION = YES;
				CLANG_WARN_INFINITE_RECURSION = YES;
				CLANG_WARN_INT_CONVERSION = YES;
				CLANG_WARN_NON_LITERAL_NULL_CONVERSION = YES;
				CLANG_WARN_OBJC_IMPLICIT_RETAIN_SELF = YES;
				CLANG_WARN_OBJC_LITERAL_CONVERSION = YES;
				CLANG_WARN_OBJC_ROOT_CLASS = YES_ERROR;
				CLANG_WARN_QUOTED_INCLUDE_IN_FRAMEWORK_HEADER = YES;
				CLANG_WARN_RANGE_LOOP_ANALYSIS = YES;
				CLANG_WARN_STRICT_PROTOTYPES = YES;
				CLANG_WARN_SUSPICIOUS_MOVE = YES;
				CLANG_WARN_UNGUARDED_AVAILABILITY = YES_AGGRESSIVE;
				CLANG_WARN_UNREACHABLE_CODE = YES;
				CLANG_WARN__DUPLICATE_METHOD_MATCH = YES;
				COPY_PHASE_STRIP = NO;
				DEBUG_INFORMATION_FORMAT = dwarf;
				ENABLE_STRICT_OBJC_MSGSEND = YES;
				ENABLE_TESTABILITY = YES;
				ENABLE_USER_SCRIPT_SANDBOXING = YES;
				GCC_C_LANGUAGE_STANDARD = gnu17;
				GCC_DYNAMIC_NO_PIC = NO;
				GCC_NO_COMMON_BLOCKS = YES;
				GCC_OPTIMIZATION_LEVEL = 0;
				GCC_PREPROCESSOR_DEFINITIONS = (
					"DEBUG=1",
					"$(inherited)",
				);
				GCC_WARN_64_TO_32_BIT_CONVERSION = YES;
				GCC_WARN_ABOUT_RETURN_TYPE = YES_ERROR;
				GCC_WARN_UNDECLARED_SELECTOR = YES;
				GCC_WARN_UNINITIALIZED_AUTOS = YES_AGGRESSIVE;
				GCC_WARN_UNUSED_FUNCTION = YES;
				GCC_WARN_UNUSED_VARIABLE = YES;
				IPHONEOS_DEPLOYMENT_TARGET = 17.0;
				LOCALIZATION_PREFERS_STRING_CATALOGS = YES;
				MTL_ENABLE_DEBUG_INFO = INCLUDE_SOURCE;
				MTL_FAST_MATH = YES;
				ONLY_ACTIVE_ARCH = YES;
				SDKROOT = iphoneos;
				SWIFT_ACTIVE_COMPILATION_CONDITIONS = "DEBUG $(inherited)";
				SWIFT_OPTIMIZATION_LEVEL = "-Onone";
			};
			name = Debug;
		};
		611ADFB92AE10DD20096F848 /* Release */ = {
			isa = XCBuildConfiguration;
			buildSettings = {
				ALWAYS_SEARCH_USER_PATHS = NO;
				ASSETCATALOG_COMPILER_GENERATE_SWIFT_ASSET_SYMBOL_EXTENSIONS = YES;
				CLANG_ANALYZER_NONNULL = YES;
				CLANG_ANALYZER_NUMBER_OBJECT_CONVERSION = YES_AGGRESSIVE;
				CLANG_CXX_LANGUAGE_STANDARD = "gnu++20";
				CLANG_ENABLE_MODULES = YES;
				CLANG_ENABLE_OBJC_ARC = YES;
				CLANG_ENABLE_OBJC_WEAK = YES;
				CLANG_WARN_BLOCK_CAPTURE_AUTORELEASING = YES;
				CLANG_WARN_BOOL_CONVERSION = YES;
				CLANG_WARN_COMMA = YES;
				CLANG_WARN_CONSTANT_CONVERSION = YES;
				CLANG_WARN_DEPRECATED_OBJC_IMPLEMENTATIONS = YES;
				CLANG_WARN_DIRECT_OBJC_ISA_USAGE = YES_ERROR;
				CLANG_WARN_DOCUMENTATION_COMMENTS = YES;
				CLANG_WARN_EMPTY_BODY = YES;
				CLANG_WARN_ENUM_CONVERSION = YES;
				CLANG_WARN_INFINITE_RECURSION = YES;
				CLANG_WARN_INT_CONVERSION = YES;
				CLANG_WARN_NON_LITERAL_NULL_CONVERSION = YES;
				CLANG_WARN_OBJC_IMPLICIT_RETAIN_SELF = YES;
				CLANG_WARN_OBJC_LITERAL_CONVERSION = YES;
				CLANG_WARN_OBJC_ROOT_CLASS = YES_ERROR;
				CLANG_WARN_QUOTED_INCLUDE_IN_FRAMEWORK_HEADER = YES;
				CLANG_WARN_RANGE_LOOP_ANALYSIS = YES;
				CLANG_WARN_STRICT_PROTOTYPES = YES;
				CLANG_WARN_SUSPICIOUS_MOVE = YES;
				CLANG_WARN_UNGUARDED_AVAILABILITY = YES_AGGRESSIVE;
				CLANG_WARN_UNREACHABLE_CODE = YES;
				CLANG_WARN__DUPLICATE_METHOD_MATCH = YES;
				COPY_PHASE_STRIP = NO;
				DEBUG_INFORMATION_FORMAT = "dwarf-with-dsym";
				ENABLE_NS_ASSERTIONS = NO;
				ENABLE_STRICT_OBJC_MSGSEND = YES;
				ENABLE_USER_SCRIPT_SANDBOXING = YES;
				GCC_C_LANGUAGE_STANDARD = gnu17;
				GCC_NO_COMMON_BLOCKS = YES;
				GCC_WARN_64_TO_32_BIT_CONVERSION = YES;
				GCC_WARN_ABOUT_RETURN_TYPE = YES_ERROR;
				GCC_WARN_UNDECLARED_SELECTOR = YES;
				GCC_WARN_UNINITIALIZED_AUTOS = YES_AGGRESSIVE;
				GCC_WARN_UNUSED_FUNCTION = YES;
				GCC_WARN_UNUSED_VARIABLE = YES;
				IPHONEOS_DEPLOYMENT_TARGET = 17.0;
				LOCALIZATION_PREFERS_STRING_CATALOGS = YES;
				MTL_ENABLE_DEBUG_INFO = NO;
				MTL_FAST_MATH = YES;
				SDKROOT = iphoneos;
				SWIFT_COMPILATION_MODE = wholemodule;
				VALIDATE_PRODUCT = YES;
			};
			name = Release;
		};
		611ADFBB2AE10DD20096F848 /* Debug */ = {
			isa = XCBuildConfiguration;
			buildSettings = {
				ASSETCATALOG_COMPILER_APPICON_NAME = AppIcon;
				ASSETCATALOG_COMPILER_GLOBAL_ACCENT_COLOR_NAME = AccentColor;
				CODE_SIGN_STYLE = Automatic;
				CURRENT_PROJECT_VERSION = 1;
				DEVELOPMENT_ASSET_PATHS = "\"TempApp1/Preview Content\"";
				DEVELOPMENT_TEAM = GU5PL66C82;
				ENABLE_PREVIEWS = YES;
				GENERATE_INFOPLIST_FILE = YES;
				INFOPLIST_KEY_UIApplicationSceneManifest_Generation = YES;
				INFOPLIST_KEY_UIApplicationSupportsIndirectInputEvents = YES;
				INFOPLIST_KEY_UILaunchScreen_Generation = YES;
				INFOPLIST_KEY_UISupportedInterfaceOrientations_iPad = "UIInterfaceOrientationPortrait UIInterfaceOrientationPortraitUpsideDown UIInterfaceOrientationLandscapeLeft UIInterfaceOrientationLandscapeRight";
				INFOPLIST_KEY_UISupportedInterfaceOrientations_iPhone = "UIInterfaceOrientationPortrait UIInterfaceOrientationLandscapeLeft UIInterfaceOrientationLandscapeRight";
				LD_RUNPATH_SEARCH_PATHS = (
					"$(inherited)",
					"@executable_path/Frameworks",
				);
				MARKETING_VERSION = 1.0;
				PRODUCT_BUNDLE_IDENTIFIER = coding.TempApp1;
				PRODUCT_NAME = "$(TARGET_NAME)";
				SWIFT_EMIT_LOC_STRINGS = YES;
				SWIFT_VERSION = 5.0;
				TARGETED_DEVICE_FAMILY = "1,2";
			};
			name = Debug;
		};
		611ADFBC2AE10DD20096F848 /* Release */ = {
			isa = XCBuildConfiguration;
			buildSettings = {
				ASSETCATALOG_COMPILER_APPICON_NAME = AppIcon;
				ASSETCATALOG_COMPILER_GLOBAL_ACCENT_COLOR_NAME = AccentColor;
				CODE_SIGN_STYLE = Automatic;
				CURRENT_PROJECT_VERSION = 1;
				DEVELOPMENT_ASSET_PATHS = "\"TempApp1/Preview Content\"";
				DEVELOPMENT_TEAM = GU5PL66C82;
				ENABLE_PREVIEWS = YES;
				GENERATE_INFOPLIST_FILE = YES;
				INFOPLIST_KEY_UIApplicationSceneManifest_Generation = YES;
				INFOPLIST_KEY_UIApplicationSupportsIndirectInputEvents = YES;
				INFOPLIST_KEY_UILaunchScreen_Generation = YES;
				INFOPLIST_KEY_UISupportedInterfaceOrientations_iPad = "UIInterfaceOrientationPortrait UIInterfaceOrientationPortraitUpsideDown UIInterfaceOrientationLandscapeLeft UIInterfaceOrientationLandscapeRight";
				INFOPLIST_KEY_UISupportedInterfaceOrientations_iPhone = "UIInterfaceOrientationPortrait UIInterfaceOrientationLandscapeLeft UIInterfaceOrientationLandscapeRight";
				LD_RUNPATH_SEARCH_PATHS = (
					"$(inherited)",
					"@executable_path/Frameworks",
				);
				MARKETING_VERSION = 1.0;
				PRODUCT_BUNDLE_IDENTIFIER = coding.TempApp1;
				PRODUCT_NAME = "$(TARGET_NAME)";
				SWIFT_EMIT_LOC_STRINGS = YES;
				SWIFT_VERSION = 5.0;
				TARGETED_DEVICE_FAMILY = "1,2";
			};
			name = Release;
		};
		611ADFBE2AE10DD20096F848 /* Debug */ = {
			isa = XCBuildConfiguration;
			buildSettings = {
				ALWAYS_EMBED_SWIFT_STANDARD_LIBRARIES = YES;
				BUNDLE_LOADER = "$(TEST_HOST)";
				CODE_SIGN_STYLE = Automatic;
				CURRENT_PROJECT_VERSION = 1;
				DEVELOPMENT_TEAM = GU5PL66C82;
				GENERATE_INFOPLIST_FILE = YES;
				IPHONEOS_DEPLOYMENT_TARGET = 17.0;
				MARKETING_VERSION = 1.0;
				PRODUCT_BUNDLE_IDENTIFIER = coding.TempApp1Tests;
				PRODUCT_NAME = "$(TARGET_NAME)";
				SWIFT_EMIT_LOC_STRINGS = NO;
				SWIFT_VERSION = 5.0;
				TARGETED_DEVICE_FAMILY = "1,2";
				TEST_HOST = "$(BUILT_PRODUCTS_DIR)/TempApp1.app/$(BUNDLE_EXECUTABLE_FOLDER_PATH)/TempApp1";
			};
			name = Debug;
		};
		611ADFBF2AE10DD20096F848 /* Release */ = {
			isa = XCBuildConfiguration;
			buildSettings = {
				ALWAYS_EMBED_SWIFT_STANDARD_LIBRARIES = YES;
				BUNDLE_LOADER = "$(TEST_HOST)";
				CODE_SIGN_STYLE = Automatic;
				CURRENT_PROJECT_VERSION = 1;
				DEVELOPMENT_TEAM = GU5PL66C82;
				GENERATE_INFOPLIST_FILE = YES;
				IPHONEOS_DEPLOYMENT_TARGET = 17.0;
				MARKETING_VERSION = 1.0;
				PRODUCT_BUNDLE_IDENTIFIER = coding.TempApp1Tests;
				PRODUCT_NAME = "$(TARGET_NAME)";
				SWIFT_EMIT_LOC_STRINGS = NO;
				SWIFT_VERSION = 5.0;
				TARGETED_DEVICE_FAMILY = "1,2";
				TEST_HOST = "$(BUILT_PRODUCTS_DIR)/TempApp1.app/$(BUNDLE_EXECUTABLE_FOLDER_PATH)/TempApp1";
			};
			name = Release;
		};
		611ADFC12AE10DD20096F848 /* Debug */ = {
			isa = XCBuildConfiguration;
			buildSettings = {
				ALWAYS_EMBED_SWIFT_STANDARD_LIBRARIES = YES;
				CODE_SIGN_STYLE = Automatic;
				CURRENT_PROJECT_VERSION = 1;
				DEVELOPMENT_TEAM = GU5PL66C82;
				GENERATE_INFOPLIST_FILE = YES;
				MARKETING_VERSION = 1.0;
				PRODUCT_BUNDLE_IDENTIFIER = coding.TempApp1UITests;
				PRODUCT_NAME = "$(TARGET_NAME)";
				SWIFT_EMIT_LOC_STRINGS = NO;
				SWIFT_VERSION = 5.0;
				TARGETED_DEVICE_FAMILY = "1,2";
				TEST_TARGET_NAME = TempApp1;
			};
			name = Debug;
		};
		611ADFC22AE10DD20096F848 /* Release */ = {
			isa = XCBuildConfiguration;
			buildSettings = {
				ALWAYS_EMBED_SWIFT_STANDARD_LIBRARIES = YES;
				CODE_SIGN_STYLE = Automatic;
				CURRENT_PROJECT_VERSION = 1;
				DEVELOPMENT_TEAM = GU5PL66C82;
				GENERATE_INFOPLIST_FILE = YES;
				MARKETING_VERSION = 1.0;
				PRODUCT_BUNDLE_IDENTIFIER = coding.TempApp1UITests;
				PRODUCT_NAME = "$(TARGET_NAME)";
				SWIFT_EMIT_LOC_STRINGS = NO;
				SWIFT_VERSION = 5.0;
				TARGETED_DEVICE_FAMILY = "1,2";
				TEST_TARGET_NAME = TempApp1;
			};
			name = Release;
		};
/* End XCBuildConfiguration section */

/* Begin XCConfigurationList section */
		611ADF912AE10DCE0096F848 /* Build configuration list for PBXProject "TempApp1" */ = {
			isa = XCConfigurationList;
			buildConfigurations = (
				611ADFB82AE10DD20096F848 /* Debug */,
				611ADFB92AE10DD20096F848 /* Release */,
			);
			defaultConfigurationIsVisible = 0;
			defaultConfigurationName = Release;
		};
		611ADFBA2AE10DD20096F848 /* Build configuration list for PBXNativeTarget "TempApp1" */ = {
			isa = XCConfigurationList;
			buildConfigurations = (
				611ADFBB2AE10DD20096F848 /* Debug */,
				611ADFBC2AE10DD20096F848 /* Release */,
			);
			defaultConfigurationIsVisible = 0;
			defaultConfigurationName = Release;
		};
		611ADFBD2AE10DD20096F848 /* Build configuration list for PBXNativeTarget "TempApp1Tests" */ = {
			isa = XCConfigurationList;
			buildConfigurations = (
				611ADFBE2AE10DD20096F848 /* Debug */,
				611ADFBF2AE10DD20096F848 /* Release */,
			);
			defaultConfigurationIsVisible = 0;
			defaultConfigurationName = Release;
		};
		611ADFC02AE10DD20096F848 /* Build configuration list for PBXNativeTarget "TempApp1UITests" */ = {
			isa = XCConfigurationList;
			buildConfigurations = (
				611ADFC12AE10DD20096F848 /* Debug */,
				611ADFC22AE10DD20096F848 /* Release */,
			);
			defaultConfigurationIsVisible = 0;
			defaultConfigurationName = Release;
		};
/* End XCConfigurationList section */
	};
	rootObject = 611ADF8E2AE10DCE0096F848 /* Project object */;
}
